
Microsoft Visual Studio Solution File, Format Version 12.00
# Visual Studio Version 17
VisualStudioVersion = 17.4.33213.308
MinimumVisualStudioVersion = 10.0.40219.1
Project("{FAE04EC0-301F-11D3-BF4B-00C04F79EFBC}") = "BlazorLib", "BlazorLib\BlazorLib.csproj", "{1ED67CF1-C6DA-4D84-A135-E584AFD5023F}"
EndProject
Global
	GlobalSection(SolutionConfigurationPlatforms) = preSolution
		Debug|Any CPU = Debug|Any CPU
		Release|Any CPU = Release|Any CPU
	EndGlobalSection
	GlobalSection(ProjectConfigurationPlatforms) = postSolution
		{1ED67CF1-C6DA-4D84-A135-E584AFD5023F}.Debug|Any CPU.ActiveCfg = Debug|Any CPU
		{1ED67CF1-C6DA-4D84-A135-E584AFD5023F}.Debug|Any CPU.Build.0 = Debug|Any CPU
		{1ED67CF1-C6DA-4D84-A135-E584AFD5023F}.Release|Any CPU.ActiveCfg = Release|Any CPU
		{1ED67CF1-C6DA-4D84-A135-E584AFD5023F}.Release|Any CPU.Build.0 = Release|Any CPU
	EndGlobalSection
	GlobalSection(SolutionProperties) = preSolution
		HideSolutionNode = FALSE
	EndGlobalSection
	GlobalSection(ExtensibilityGlobals) = postSolution
		SolutionGuid = {9A21A124-40A2-4D83-A63E-EAF2702B6DB0}
	EndGlobalSection
EndGlobal
